
Microsoft Visual Studio Solution File, Format Version 12.00
# Visual Studio Version 17
VisualStudioVersion = 17.0.31903.59
MinimumVisualStudioVersion = 10.0.40219.1
Project("{FAE04EC0-301F-11D3-BF4B-00C04F79EFBC}") = "Presentacion", "Presentacion\Presentacion.csproj", "{A9C0CA4C-019A-402E-A16C-A03B636ECA0D}"
EndProject
Project("{FAE04EC0-301F-11D3-BF4B-00C04F79EFBC}") = "Datos", "Datos\Datos.csproj", "{41A29142-3B2A-4B32-995A-019077F2903F}"
EndProject
Project("{FAE04EC0-301F-11D3-BF4B-00C04F79EFBC}") = "Negocio", "Negocio\Negocio.csproj", "{89342A2A-2E1A-4750-87B4-D7BC1ADF3A36}"
EndProject
Project("{FAE04EC0-301F-11D3-BF4B-00C04F79EFBC}") = "Entidades", "Entidades\Entidades.csproj", "{041828D9-A804-4575-AA32-AAECC0F572FD}"
EndProject
Global
	GlobalSection(SolutionConfigurationPlatforms) = preSolution
		Debug|Any CPU = Debug|Any CPU
		Release|Any CPU = Release|Any CPU
	EndGlobalSection
	GlobalSection(ProjectConfigurationPlatforms) = postSolution
		{A9C0CA4C-019A-402E-A16C-A03B636ECA0D}.Debug|Any CPU.ActiveCfg = Debug|Any CPU
		{A9C0CA4C-019A-402E-A16C-A03B636ECA0D}.Debug|Any CPU.Build.0 = Debug|Any CPU
		{A9C0CA4C-019A-402E-A16C-A03B636ECA0D}.Release|Any CPU.ActiveCfg = Release|Any CPU
		{A9C0CA4C-019A-402E-A16C-A03B636ECA0D}.Release|Any CPU.Build.0 = Release|Any CPU
		{41A29142-3B2A-4B32-995A-019077F2903F}.Debug|Any CPU.ActiveCfg = Debug|Any CPU
		{41A29142-3B2A-4B32-995A-019077F2903F}.Debug|Any CPU.Build.0 = Debug|Any CPU
		{41A29142-3B2A-4B32-995A-019077F2903F}.Release|Any CPU.ActiveCfg = Release|Any CPU
		{41A29142-3B2A-4B32-995A-019077F2903F}.Release|Any CPU.Build.0 = Release|Any CPU
		{89342A2A-2E1A-4750-87B4-D7BC1ADF3A36}.Debug|Any CPU.ActiveCfg = Debug|Any CPU
		{89342A2A-2E1A-4750-87B4-D7BC1ADF3A36}.Debug|Any CPU.Build.0 = Debug|Any CPU
		{89342A2A-2E1A-4750-87B4-D7BC1ADF3A36}.Release|Any CPU.ActiveCfg = Release|Any CPU
		{89342A2A-2E1A-4750-87B4-D7BC1ADF3A36}.Release|Any CPU.Build.0 = Release|Any CPU
		{041828D9-A804-4575-AA32-AAECC0F572FD}.Debug|Any CPU.ActiveCfg = Debug|Any CPU
		{041828D9-A804-4575-AA32-AAECC0F572FD}.Debug|Any CPU.Build.0 = Debug|Any CPU
		{041828D9-A804-4575-AA32-AAECC0F572FD}.Release|Any CPU.ActiveCfg = Release|Any CPU
		{041828D9-A804-4575-AA32-AAECC0F572FD}.Release|Any CPU.Build.0 = Release|Any CPU
	EndGlobalSection
	GlobalSection(SolutionProperties) = preSolution
		HideSolutionNode = FALSE
	EndGlobalSection
	GlobalSection(ExtensibilityGlobals) = postSolution
		SolutionGuid = {439C0688-EAB8-4C11-B776-32E403DDA1D1}
	EndGlobalSection
EndGlobal
